
Microsoft Visual Studio Solution File, Format Version 12.00
# Visual Studio Version 17
VisualStudioVersion = 17.0.31912.275
MinimumVisualStudioVersion = 10.0.40219.1
Project("{FAE04EC0-301F-11D3-BF4B-00C04F79EFBC}") = "TestXamlReader", "TestXamlReader.csproj", "{EDC527EC-D815-4FBF-A258-22A0C625EDAF}"
EndProject
Global
	GlobalSection(SolutionConfigurationPlatforms) = preSolution
		Debug|Any CPU = Debug|Any CPU
		Release|Any CPU = Release|Any CPU
	EndGlobalSection
	GlobalSection(ProjectConfigurationPlatforms) = postSolution
		{EDC527EC-D815-4FBF-A258-22A0C625EDAF}.Debug|Any CPU.ActiveCfg = Debug|Any CPU
		{EDC527EC-D815-4FBF-A258-22A0C625EDAF}.Debug|Any CPU.Build.0 = Debug|Any CPU
		{EDC527EC-D815-4FBF-A258-22A0C625EDAF}.Release|Any CPU.ActiveCfg = Release|Any CPU
		{EDC527EC-D815-4FBF-A258-22A0C625EDAF}.Release|Any CPU.Build.0 = Release|Any CPU
	EndGlobalSection
	GlobalSection(SolutionProperties) = preSolution
		HideSolutionNode = FALSE
	EndGlobalSection
	GlobalSection(ExtensibilityGlobals) = postSolution
		SolutionGuid = {7F47CEF1-7FAB-483A-8728-E85D41E52285}
	EndGlobalSection
EndGlobal
